
Microsoft Visual Studio Solution File, Format Version 12.00
# Visual Studio Version 17
VisualStudioVersion = 17.11.35312.102
MinimumVisualStudioVersion = 10.0.40219.1
Project("{F184B08F-C81C-45F6-A57F-5ABD9991F28F}") = "T02_x_SEnn_JM_yy_zz", "T02_x_SEnn_JM_yy_zz.vbproj", "{33582675-195A-4AB2-B5A8-26DBDDEBA047}"
EndProject
Global
	GlobalSection(SolutionConfigurationPlatforms) = preSolution
		Debug|Any CPU = Debug|Any CPU
		Release|Any CPU = Release|Any CPU
	EndGlobalSection
	GlobalSection(ProjectConfigurationPlatforms) = postSolution
		{33582675-195A-4AB2-B5A8-26DBDDEBA047}.Debug|Any CPU.ActiveCfg = Debug|Any CPU
		{33582675-195A-4AB2-B5A8-26DBDDEBA047}.Debug|Any CPU.Build.0 = Debug|Any CPU
		{33582675-195A-4AB2-B5A8-26DBDDEBA047}.Release|Any CPU.ActiveCfg = Release|Any CPU
		{33582675-195A-4AB2-B5A8-26DBDDEBA047}.Release|Any CPU.Build.0 = Release|Any CPU
	EndGlobalSection
	GlobalSection(SolutionProperties) = preSolution
		HideSolutionNode = FALSE
	EndGlobalSection
	GlobalSection(ExtensibilityGlobals) = postSolution
		SolutionGuid = {0BC44165-118D-4802-AA39-CEAAB089CDC1}
	EndGlobalSection
EndGlobal
